
Microsoft Visual Studio Solution File, Format Version 12.00
# Visual Studio Version 16
VisualStudioVersion = 16.0.29519.87
MinimumVisualStudioVersion = 10.0.40219.1
Project("{FAE04EC0-301F-11D3-BF4B-00C04F79EFBC}") = "NgocHaishop", "NgocHaishop\NgocHaishop.csproj", "{01DC1F11-2567-4CC9-AA43-68A191EE68C3}"
EndProject
Project("{FAE04EC0-301F-11D3-BF4B-00C04F79EFBC}") = "NgocHaishop.Data", "NgocHaishop.Data\NgocHaishop.Data.csproj", "{55692937-55FE-4396-8ECB-CCDABFF88F9E}"
EndProject
Project("{FAE04EC0-301F-11D3-BF4B-00C04F79EFBC}") = "NgocHaishop.Business", "NgocHaishop.Business\NgocHaishop.Business.csproj", "{1D70830A-85CA-4A87-BFF3-36CF14331476}"
EndProject
Global
	GlobalSection(SolutionConfigurationPlatforms) = preSolution
		Debug|Any CPU = Debug|Any CPU
		Release|Any CPU = Release|Any CPU
	EndGlobalSection
	GlobalSection(ProjectConfigurationPlatforms) = postSolution
		{01DC1F11-2567-4CC9-AA43-68A191EE68C3}.Debug|Any CPU.ActiveCfg = Debug|Any CPU
		{01DC1F11-2567-4CC9-AA43-68A191EE68C3}.Debug|Any CPU.Build.0 = Debug|Any CPU
		{01DC1F11-2567-4CC9-AA43-68A191EE68C3}.Release|Any CPU.ActiveCfg = Release|Any CPU
		{01DC1F11-2567-4CC9-AA43-68A191EE68C3}.Release|Any CPU.Build.0 = Release|Any CPU
		{55692937-55FE-4396-8ECB-CCDABFF88F9E}.Debug|Any CPU.ActiveCfg = Debug|Any CPU
		{55692937-55FE-4396-8ECB-CCDABFF88F9E}.Debug|Any CPU.Build.0 = Debug|Any CPU
		{55692937-55FE-4396-8ECB-CCDABFF88F9E}.Release|Any CPU.ActiveCfg = Release|Any CPU
		{55692937-55FE-4396-8ECB-CCDABFF88F9E}.Release|Any CPU.Build.0 = Release|Any CPU
		{1D70830A-85CA-4A87-BFF3-36CF14331476}.Debug|Any CPU.ActiveCfg = Debug|Any CPU
		{1D70830A-85CA-4A87-BFF3-36CF14331476}.Debug|Any CPU.Build.0 = Debug|Any CPU
		{1D70830A-85CA-4A87-BFF3-36CF14331476}.Release|Any CPU.ActiveCfg = Release|Any CPU
		{1D70830A-85CA-4A87-BFF3-36CF14331476}.Release|Any CPU.Build.0 = Release|Any CPU
	EndGlobalSection
	GlobalSection(SolutionProperties) = preSolution
		HideSolutionNode = FALSE
	EndGlobalSection
	GlobalSection(ExtensibilityGlobals) = postSolution
		SolutionGuid = {B0CE4F1D-4A20-45D4-B5D4-E92042991332}
	EndGlobalSection
EndGlobal
